
Microsoft Visual Studio Solution File, Format Version 12.00
# Visual Studio 15
VisualStudioVersion = 15.0.27703.2035
MinimumVisualStudioVersion = 10.0.40219.1
Project("{FAE04EC0-301F-11D3-BF4B-00C04F79EFBC}") = "JQData.NET", "JQData.NET\JQData.NET.csproj", "{635BBA77-CFB9-4D38-B052-B19D63E4CE7A}"
EndProject
Global
	GlobalSection(SolutionConfigurationPlatforms) = preSolution
		Debug|Any CPU = Debug|Any CPU
		Release|Any CPU = Release|Any CPU
	EndGlobalSection
	GlobalSection(ProjectConfigurationPlatforms) = postSolution
		{635BBA77-CFB9-4D38-B052-B19D63E4CE7A}.Debug|Any CPU.ActiveCfg = Debug|Any CPU
		{635BBA77-CFB9-4D38-B052-B19D63E4CE7A}.Debug|Any CPU.Build.0 = Debug|Any CPU
		{635BBA77-CFB9-4D38-B052-B19D63E4CE7A}.Release|Any CPU.ActiveCfg = Release|Any CPU
		{635BBA77-CFB9-4D38-B052-B19D63E4CE7A}.Release|Any CPU.Build.0 = Release|Any CPU
	EndGlobalSection
	GlobalSection(SolutionProperties) = preSolution
		HideSolutionNode = FALSE
	EndGlobalSection
	GlobalSection(ExtensibilityGlobals) = postSolution
		SolutionGuid = {6EFC3159-DA9B-48CF-9F07-B1C80D95FEE1}
	EndGlobalSection
EndGlobal
